// !$*UTF8*$!
{
	archiveVersion = 1;
	classes = {
	};
	objectVersion = 52;
	objects = {

/* Begin PBXBuildFile section */
		ADA425CD2709E1BE001D301A /* GithubUserList_SwiftUIApp.swift in Sources */ = {isa = PBXBuildFile; fileRef = ADA425CC2709E1BE001D301A /* GithubUserList_SwiftUIApp.swift */; };
		ADA425CF2709E1BE001D301A /* ContentView.swift in Sources */ = {isa = PBXBuildFile; fileRef = ADA425CE2709E1BE001D301A /* ContentView.swift */; };
		ADA425D12709E1C1001D301A /* Assets.xcassets in Resources */ = {isa = PBXBuildFile; fileRef = ADA425D02709E1C1001D301A /* Assets.xcassets */; };
		ADA425D42709E1C1001D301A /* Preview Assets.xcassets in Resources */ = {isa = PBXBuildFile; fileRef = ADA425D32709E1C1001D301A /* Preview Assets.xcassets */; };
		ADA425E52709E44C001D301A /* CombineMoya in Frameworks */ = {isa = PBXBuildFile; productRef = ADA425E42709E44C001D301A /* CombineMoya */; };
		ADA425E72709E44C001D301A /* Moya in Frameworks */ = {isa = PBXBuildFile; productRef = ADA425E62709E44C001D301A /* Moya */; };
		ADA425EA2709E461001D301A /* Kingfisher in Frameworks */ = {isa = PBXBuildFile; productRef = ADA425E92709E461001D301A /* Kingfisher */; };
		ADA425EE270A07A4001D301A /* User.swift in Sources */ = {isa = PBXBuildFile; fileRef = ADA425ED270A07A4001D301A /* User.swift */; };
		ADA425F0270A07C0001D301A /* UserDetail.swift in Sources */ = {isa = PBXBuildFile; fileRef = ADA425EF270A07C0001D301A /* UserDetail.swift */; };
		ADA425F3270A14F4001D301A /* Github.swift in Sources */ = {isa = PBXBuildFile; fileRef = ADA425F2270A14F4001D301A /* Github.swift */; };
		ADA425F5270A2645001D301A /* UserListView.swift in Sources */ = {isa = PBXBuildFile; fileRef = ADA425F4270A2645001D301A /* UserListView.swift */; };
		ADA425F7270A2676001D301A /* ProfileView.swift in Sources */ = {isa = PBXBuildFile; fileRef = ADA425F6270A2676001D301A /* ProfileView.swift */; };
		ADA425FB270A77D2001D301A /* UserListViewModel.swift in Sources */ = {isa = PBXBuildFile; fileRef = ADA425FA270A77D2001D301A /* UserListViewModel.swift */; };
		ADA425FD270A78E7001D301A /* SubscriptionToken.swift in Sources */ = {isa = PBXBuildFile; fileRef = ADA425FC270A78E7001D301A /* SubscriptionToken.swift */; };
		ADA425FF270A880B001D301A /* UserDetailView.swift in Sources */ = {isa = PBXBuildFile; fileRef = ADA425FE270A880B001D301A /* UserDetailView.swift */; };
/* End PBXBuildFile section */

/* Begin PBXFileReference section */
		ADA425C92709E1BE001D301A /* GithubUserList-SwiftUI.app */ = {isa = PBXFileReference; explicitFileType = wrapper.application; includeInIndex = 0; path = "GithubUserList-SwiftUI.app"; sourceTree = BUILT_PRODUCTS_DIR; };
		ADA425CC2709E1BE001D301A /* GithubUserList_SwiftUIApp.swift */ = {isa = PBXFileReference; lastKnownFileType = sourcecode.swift; path = GithubUserList_SwiftUIApp.swift; sourceTree = "<group>"; };
		ADA425CE2709E1BE001D301A /* ContentView.swift */ = {isa = PBXFileReference; lastKnownFileType = sourcecode.swift; path = ContentView.swift; sourceTree = "<group>"; };
		ADA425D02709E1C1001D301A /* Assets.xcassets */ = {isa = PBXFileReference; lastKnownFileType = folder.assetcatalog; path = Assets.xcassets; sourceTree = "<group>"; };
		ADA425D32709E1C1001D301A /* Preview Assets.xcassets */ = {isa = PBXFileReference; lastKnownFileType = folder.assetcatalog; path = "Preview Assets.xcassets"; sourceTree = "<group>"; };
		ADA425D52709E1C1001D301A /* Info.plist */ = {isa = PBXFileReference; lastKnownFileType = text.plist.xml; path = Info.plist; sourceTree = "<group>"; };
		ADA425ED270A07A4001D301A /* User.swift */ = {isa = PBXFileReference; lastKnownFileType = sourcecode.swift; path = User.swift; sourceTree = "<group>"; };
		ADA425EF270A07C0001D301A /* UserDetail.swift */ = {isa = PBXFileReference; lastKnownFileType = sourcecode.swift; path = UserDetail.swift; sourceTree = "<group>"; };
		ADA425F2270A14F4001D301A /* Github.swift */ = {isa = PBXFileReference; lastKnownFileType = sourcecode.swift; path = Github.swift; sourceTree = "<group>"; };
		ADA425F4270A2645001D301A /* UserListView.swift */ = {isa = PBXFileReference; lastKnownFileType = sourcecode.swift; path = UserListView.swift; sourceTree = "<group>"; };
		ADA425F6270A2676001D301A /* ProfileView.swift */ = {isa = PBXFileReference; lastKnownFileType = sourcecode.swift; path = ProfileView.swift; sourceTree = "<group>"; };
		ADA425FA270A77D2001D301A /* UserListViewModel.swift */ = {isa = PBXFileReference; lastKnownFileType = sourcecode.swift; path = UserListViewModel.swift; sourceTree = "<group>"; };
		ADA425FC270A78E7001D301A /* SubscriptionToken.swift */ = {isa = PBXFileReference; lastKnownFileType = sourcecode.swift; path = SubscriptionToken.swift; sourceTree = "<group>"; };
		ADA425FE270A880B001D301A /* UserDetailView.swift */ = {isa = PBXFileReference; lastKnownFileType = sourcecode.swift; path = UserDetailView.swift; sourceTree = "<group>"; };
/* End PBXFileReference section */

/* Begin PBXFrameworksBuildPhase section */
		ADA425C62709E1BE001D301A /* Frameworks */ = {
			isa = PBXFrameworksBuildPhase;
			buildActionMask = 2147483647;
			files = (
				ADA425EA2709E461001D301A /* Kingfisher in Frameworks */,
				ADA425E72709E44C001D301A /* Moya in Frameworks */,
				ADA425E52709E44C001D301A /* CombineMoya in Frameworks */,
			);
			runOnlyForDeploymentPostprocessing = 0;
		};
/* End PBXFrameworksBuildPhase section */

/* Begin PBXGroup section */
		ADA425C02709E1BD001D301A = {
			isa = PBXGroup;
			children = (
				ADA425CB2709E1BE001D301A /* GithubUserList-SwiftUI */,
				ADA425CA2709E1BE001D301A /* Products */,
			);
			sourceTree = "<group>";
		};
		ADA425CA2709E1BE001D301A /* Products */ = {
			isa = PBXGroup;
			children = (
				ADA425C92709E1BE001D301A /* GithubUserList-SwiftUI.app */,
			);
			name = Products;
			sourceTree = "<group>";
		};
		ADA425CB2709E1BE001D301A /* GithubUserList-SwiftUI */ = {
			isa = PBXGroup;
			children = (
				ADA425CC2709E1BE001D301A /* GithubUserList_SwiftUIApp.swift */,
				ADA425EB270A037B001D301A /* View */,
				ADA425EC270A038B001D301A /* Model */,
				ADA425F9270A77B9001D301A /* ViewModel */,
				ADA425F1270A14AF001D301A /* Service */,
				ADA425D02709E1C1001D301A /* Assets.xcassets */,
				ADA425D52709E1C1001D301A /* Info.plist */,
				ADA425D22709E1C1001D301A /* Preview Content */,
			);
			path = "GithubUserList-SwiftUI";
			sourceTree = "<group>";
		};
		ADA425D22709E1C1001D301A /* Preview Content */ = {
			isa = PBXGroup;
			children = (
				ADA425D32709E1C1001D301A /* Preview Assets.xcassets */,
			);
			path = "Preview Content";
			sourceTree = "<group>";
		};
		ADA425EB270A037B001D301A /* View */ = {
			isa = PBXGroup;
			children = (
				ADA425CE2709E1BE001D301A /* ContentView.swift */,
				ADA425F4270A2645001D301A /* UserListView.swift */,
				ADA425F6270A2676001D301A /* ProfileView.swift */,
				ADA425FE270A880B001D301A /* UserDetailView.swift */,
			);
			path = View;
			sourceTree = "<group>";
		};
		ADA425EC270A038B001D301A /* Model */ = {
			isa = PBXGroup;
			children = (
				ADA425ED270A07A4001D301A /* User.swift */,
				ADA425EF270A07C0001D301A /* UserDetail.swift */,
			);
			path = Model;
			sourceTree = "<group>";
		};
		ADA425F1270A14AF001D301A /* Service */ = {
			isa = PBXGroup;
			children = (
				ADA425F2270A14F4001D301A /* Github.swift */,
				ADA425FC270A78E7001D301A /* SubscriptionToken.swift */,
			);
			path = Service;
			sourceTree = "<group>";
		};
		ADA425F9270A77B9001D301A /* ViewModel */ = {
			isa = PBXGroup;
			children = (
				ADA425FA270A77D2001D301A /* UserListViewModel.swift */,
			);
			path = ViewModel;
			sourceTree = "<group>";
		};
/* End PBXGroup section */

/* Begin PBXNativeTarget section */
		ADA425C82709E1BE001D301A /* GithubUserList-SwiftUI */ = {
			isa = PBXNativeTarget;
			buildConfigurationList = ADA425D82709E1C1001D301A /* Build configuration list for PBXNativeTarget "GithubUserList-SwiftUI" */;
			buildPhases = (
				ADA425C52709E1BE001D301A /* Sources */,
				ADA425C62709E1BE001D301A /* Frameworks */,
				ADA425C72709E1BE001D301A /* Resources */,
			);
			buildRules = (
			);
			dependencies = (
			);
			name = "GithubUserList-SwiftUI";
			packageProductDependencies = (
				ADA425E42709E44C001D301A /* CombineMoya */,
				ADA425E62709E44C001D301A /* Moya */,
				ADA425E92709E461001D301A /* Kingfisher */,
			);
			productName = "GithubUserList-SwiftUI";
			productReference = ADA425C92709E1BE001D301A /* GithubUserList-SwiftUI.app */;
			productType = "com.apple.product-type.application";
		};
/* End PBXNativeTarget section */

/* Begin PBXProject section */
		ADA425C12709E1BE001D301A /* Project object */ = {
			isa = PBXProject;
			attributes = {
				LastSwiftUpdateCheck = 1250;
				LastUpgradeCheck = 1250;
				TargetAttributes = {
					ADA425C82709E1BE001D301A = {
						CreatedOnToolsVersion = 12.5.1;
					};
				};
			};
			buildConfigurationList = ADA425C42709E1BE001D301A /* Build configuration list for PBXProject "GithubUserList-SwiftUI" */;
			compatibilityVersion = "Xcode 9.3";
			developmentRegion = en;
			hasScannedForEncodings = 0;
			knownRegions = (
				en,
				Base,
			);
			mainGroup = ADA425C02709E1BD001D301A;
			packageReferences = (
				ADA425E32709E44C001D301A /* XCRemoteSwiftPackageReference "Moya" */,
				ADA425E82709E461001D301A /* XCRemoteSwiftPackageReference "Kingfisher" */,
			);
			productRefGroup = ADA425CA2709E1BE001D301A /* Products */;
			projectDirPath = "";
			projectRoot = "";
			targets = (
				ADA425C82709E1BE001D301A /* GithubUserList-SwiftUI */,
			);
		};
/* End PBXProject section */

/* Begin PBXResourcesBuildPhase section */
		ADA425C72709E1BE001D301A /* Resources */ = {
			isa = PBXResourcesBuildPhase;
			buildActionMask = 2147483647;
			files = (
				ADA425D42709E1C1001D301A /* Preview Assets.xcassets in Resources */,
				ADA425D12709E1C1001D301A /* Assets.xcassets in Resources */,
			);
			runOnlyForDeploymentPostprocessing = 0;
		};
/* End PBXResourcesBuildPhase section */

/* Begin PBXSourcesBuildPhase section */
		ADA425C52709E1BE001D301A /* Sources */ = {
			isa = PBXSourcesBuildPhase;
			buildActionMask = 2147483647;
			files = (
				ADA425CF2709E1BE001D301A /* ContentView.swift in Sources */,
				ADA425FB270A77D2001D301A /* UserListViewModel.swift in Sources */,
				ADA425F5270A2645001D301A /* UserListView.swift in Sources */,
				ADA425FD270A78E7001D301A /* SubscriptionToken.swift in Sources */,
				ADA425F0270A07C0001D301A /* UserDetail.swift in Sources */,
				ADA425F3270A14F4001D301A /* Github.swift in Sources */,
				ADA425CD2709E1BE001D301A /* GithubUserList_SwiftUIApp.swift in Sources */,
				ADA425F7270A2676001D301A /* ProfileView.swift in Sources */,
				ADA425FF270A880B001D301A /* UserDetailView.swift in Sources */,
				ADA425EE270A07A4001D301A /* User.swift in Sources */,
			);
			runOnlyForDeploymentPostprocessing = 0;
		};
/* End PBXSourcesBuildPhase section */

/* Begin XCBuildConfiguration section */
		ADA425D62709E1C1001D301A /* Debug */ = {
			isa = XCBuildConfiguration;
			buildSettings = {
				ALWAYS_SEARCH_USER_PATHS = NO;
				CLANG_ANALYZER_NONNULL = YES;
				CLANG_ANALYZER_NUMBER_OBJECT_CONVERSION = YES_AGGRESSIVE;
				CLANG_CXX_LANGUAGE_STANDARD = "gnu++14";
				CLANG_CXX_LIBRARY = "libc++";
				CLANG_ENABLE_MODULES = YES;
				CLANG_ENABLE_OBJC_ARC = YES;
				CLANG_ENABLE_OBJC_WEAK = YES;
				CLANG_WARN_BLOCK_CAPTURE_AUTORELEASING = YES;
				CLANG_WARN_BOOL_CONVERSION = YES;
				CLANG_WARN_COMMA = YES;
				CLANG_WARN_CONSTANT_CONVERSION = YES;
				CLANG_WARN_DEPRECATED_OBJC_IMPLEMENTATIONS = YES;
				CLANG_WARN_DIRECT_OBJC_ISA_USAGE = YES_ERROR;
				CLANG_WARN_DOCUMENTATION_COMMENTS = YES;
				CLANG_WARN_EMPTY_BODY = YES;
				CLANG_WARN_ENUM_CONVERSION = YES;
				CLANG_WARN_INFINITE_RECURSION = YES;
				CLANG_WARN_INT_CONVERSION = YES;
				CLANG_WARN_NON_LITERAL_NULL_CONVERSION = YES;
				CLANG_WARN_OBJC_IMPLICIT_RETAIN_SELF = YES;
				CLANG_WARN_OBJC_LITERAL_CONVERSION = YES;
				CLANG_WARN_OBJC_ROOT_CLASS = YES_ERROR;
				CLANG_WARN_QUOTED_INCLUDE_IN_FRAMEWORK_HEADER = YES;
				CLANG_WARN_RANGE_LOOP_ANALYSIS = YES;
				CLANG_WARN_STRICT_PROTOTYPES = YES;
				CLANG_WARN_SUSPICIOUS_MOVE = YES;
				CLANG_WARN_UNGUARDED_AVAILABILITY = YES_AGGRESSIVE;
				CLANG_WARN_UNREACHABLE_CODE = YES;
				CLANG_WARN__DUPLICATE_METHOD_MATCH = YES;
				COPY_PHASE_STRIP = NO;
				DEBUG_INFORMATION_FORMAT = dwarf;
				ENABLE_STRICT_OBJC_MSGSEND = YES;
				ENABLE_TESTABILITY = YES;
				GCC_C_LANGUAGE_STANDARD = gnu11;
				GCC_DYNAMIC_NO_PIC = NO;
				GCC_NO_COMMON_BLOCKS = YES;
				GCC_OPTIMIZATION_LEVEL = 0;
				GCC_PREPROCESSOR_DEFINITIONS = (
					"DEBUG=1",
					"$(inherited)",
				);
				GCC_WARN_64_TO_32_BIT_CONVERSION = YES;
				GCC_WARN_ABOUT_RETURN_TYPE = YES_ERROR;
				GCC_WARN_UNDECLARED_SELECTOR = YES;
				GCC_WARN_UNINITIALIZED_AUTOS = YES_AGGRESSIVE;
				GCC_WARN_UNUSED_FUNCTION = YES;
				GCC_WARN_UNUSED_VARIABLE = YES;
				IPHONEOS_DEPLOYMENT_TARGET = 14.5;
				MTL_ENABLE_DEBUG_INFO = INCLUDE_SOURCE;
				MTL_FAST_MATH = YES;
				ONLY_ACTIVE_ARCH = YES;
				SDKROOT = iphoneos;
				SWIFT_ACTIVE_COMPILATION_CONDITIONS = DEBUG;
				SWIFT_OPTIMIZATION_LEVEL = "-Onone";
			};
			name = Debug;
		};
		ADA425D72709E1C1001D301A /* Release */ = {
			isa = XCBuildConfiguration;
			buildSettings = {
				ALWAYS_SEARCH_USER_PATHS = NO;
				CLANG_ANALYZER_NONNULL = YES;
				CLANG_ANALYZER_NUMBER_OBJECT_CONVERSION = YES_AGGRESSIVE;
				CLANG_CXX_LANGUAGE_STANDARD = "gnu++14";
				CLANG_CXX_LIBRARY = "libc++";
				CLANG_ENABLE_MODULES = YES;
				CLANG_ENABLE_OBJC_ARC = YES;
				CLANG_ENABLE_OBJC_WEAK = YES;
				CLANG_WARN_BLOCK_CAPTURE_AUTORELEASING = YES;
				CLANG_WARN_BOOL_CONVERSION = YES;
				CLANG_WARN_COMMA = YES;
				CLANG_WARN_CONSTANT_CONVERSION = YES;
				CLANG_WARN_DEPRECATED_OBJC_IMPLEMENTATIONS = YES;
				CLANG_WARN_DIRECT_OBJC_ISA_USAGE = YES_ERROR;
				CLANG_WARN_DOCUMENTATION_COMMENTS = YES;
				CLANG_WARN_EMPTY_BODY = YES;
				CLANG_WARN_ENUM_CONVERSION = YES;
				CLANG_WARN_INFINITE_RECURSION = YES;
				CLANG_WARN_INT_CONVERSION = YES;
				CLANG_WARN_NON_LITERAL_NULL_CONVERSION = YES;
				CLANG_WARN_OBJC_IMPLICIT_RETAIN_SELF = YES;
				CLANG_WARN_OBJC_LITERAL_CONVERSION = YES;
				CLANG_WARN_OBJC_ROOT_CLASS = YES_ERROR;
				CLANG_WARN_QUOTED_INCLUDE_IN_FRAMEWORK_HEADER = YES;
				CLANG_WARN_RANGE_LOOP_ANALYSIS = YES;
				CLANG_WARN_STRICT_PROTOTYPES = YES;
				CLANG_WARN_SUSPICIOUS_MOVE = YES;
				CLANG_WARN_UNGUARDED_AVAILABILITY = YES_AGGRESSIVE;
				CLANG_WARN_UNREACHABLE_CODE = YES;
				CLANG_WARN__DUPLICATE_METHOD_MATCH = YES;
				COPY_PHASE_STRIP = NO;
				DEBUG_INFORMATION_FORMAT = "dwarf-with-dsym";
				ENABLE_NS_ASSERTIONS = NO;
				ENABLE_STRICT_OBJC_MSGSEND = YES;
				GCC_C_LANGUAGE_STANDARD = gnu11;
				GCC_NO_COMMON_BLOCKS = YES;
				GCC_WARN_64_TO_32_BIT_CONVERSION = YES;
				GCC_WARN_ABOUT_RETURN_TYPE = YES_ERROR;
				GCC_WARN_UNDECLARED_SELECTOR = YES;
				GCC_WARN_UNINITIALIZED_AUTOS = YES_AGGRESSIVE;
				GCC_WARN_UNUSED_FUNCTION = YES;
				GCC_WARN_UNUSED_VARIABLE = YES;
				IPHONEOS_DEPLOYMENT_TARGET = 14.5;
				MTL_ENABLE_DEBUG_INFO = NO;
				MTL_FAST_MATH = YES;
				SDKROOT = iphoneos;
				SWIFT_COMPILATION_MODE = wholemodule;
				SWIFT_OPTIMIZATION_LEVEL = "-O";
				VALIDATE_PRODUCT = YES;
			};
			name = Release;
		};
		ADA425D92709E1C1001D301A /* Debug */ = {
			isa = XCBuildConfiguration;
			buildSettings = {
				ASSETCATALOG_COMPILER_APPICON_NAME = AppIcon;
				ASSETCATALOG_COMPILER_GLOBAL_ACCENT_COLOR_NAME = AccentColor;
				CODE_SIGN_STYLE = Automatic;
				DEVELOPMENT_ASSET_PATHS = "\"GithubUserList-SwiftUI/Preview Content\"";
				DEVELOPMENT_TEAM = 4Z392RE4UH;
				ENABLE_PREVIEWS = YES;
				INFOPLIST_FILE = "GithubUserList-SwiftUI/Info.plist";
				IPHONEOS_DEPLOYMENT_TARGET = 14.0;
				LD_RUNPATH_SEARCH_PATHS = (
					"$(inherited)",
					"@executable_path/Frameworks",
				);
				PRODUCT_BUNDLE_IDENTIFIER = "com.redev.GithubUserList-SwiftUI";
				PRODUCT_NAME = "$(TARGET_NAME)";
				SWIFT_VERSION = 5.0;
				TARGETED_DEVICE_FAMILY = "1,2";
			};
			name = Debug;
		};
		ADA425DA2709E1C1001D301A /* Release */ = {
			isa = XCBuildConfiguration;
			buildSettings = {
				ASSETCATALOG_COMPILER_APPICON_NAME = AppIcon;
				ASSETCATALOG_COMPILER_GLOBAL_ACCENT_COLOR_NAME = AccentColor;
				CODE_SIGN_STYLE = Automatic;
				DEVELOPMENT_ASSET_PATHS = "\"GithubUserList-SwiftUI/Preview Content\"";
				DEVELOPMENT_TEAM = 4Z392RE4UH;
				ENABLE_PREVIEWS = YES;
				INFOPLIST_FILE = "GithubUserList-SwiftUI/Info.plist";
				IPHONEOS_DEPLOYMENT_TARGET = 14.0;
				LD_RUNPATH_SEARCH_PATHS = (
					"$(inherited)",
					"@executable_path/Frameworks",
				);
				PRODUCT_BUNDLE_IDENTIFIER = "com.redev.GithubUserList-SwiftUI";
				PRODUCT_NAME = "$(TARGET_NAME)";
				SWIFT_VERSION = 5.0;
				TARGETED_DEVICE_FAMILY = "1,2";
			};
			name = Release;
		};
/* End XCBuildConfiguration section */

/* Begin XCConfigurationList section */
		ADA425C42709E1BE001D301A /* Build configuration list for PBXProject "GithubUserList-SwiftUI" */ = {
			isa = XCConfigurationList;
			buildConfigurations = (
				ADA425D62709E1C1001D301A /* Debug */,
				ADA425D72709E1C1001D301A /* Release */,
			);
			defaultConfigurationIsVisible = 0;
			defaultConfigurationName = Release;
		};
		ADA425D82709E1C1001D301A /* Build configuration list for PBXNativeTarget "GithubUserList-SwiftUI" */ = {
			isa = XCConfigurationList;
			buildConfigurations = (
				ADA425D92709E1C1001D301A /* Debug */,
				ADA425DA2709E1C1001D301A /* Release */,
			);
			defaultConfigurationIsVisible = 0;
			defaultConfigurationName = Release;
		};
/* End XCConfigurationList section */

/* Begin XCRemoteSwiftPackageReference section */
		ADA425E32709E44C001D301A /* XCRemoteSwiftPackageReference "Moya" */ = {
			isa = XCRemoteSwiftPackageReference;
			repositoryURL = "https://github.com/Moya/Moya";
			requirement = {
				kind = upToNextMajorVersion;
				minimumVersion = 15.0.0;
			};
		};
		ADA425E82709E461001D301A /* XCRemoteSwiftPackageReference "Kingfisher" */ = {
			isa = XCRemoteSwiftPackageReference;
			repositoryURL = "https://github.com/onevcat/Kingfisher";
			requirement = {
				kind = upToNextMajorVersion;
				minimumVersion = 7.0.0;
			};
		};
/* End XCRemoteSwiftPackageReference section */

/* Begin XCSwiftPackageProductDependency section */
		ADA425E42709E44C001D301A /* CombineMoya */ = {
			isa = XCSwiftPackageProductDependency;
			package = ADA425E32709E44C001D301A /* XCRemoteSwiftPackageReference "Moya" */;
			productName = CombineMoya;
		};
		ADA425E62709E44C001D301A /* Moya */ = {
			isa = XCSwiftPackageProductDependency;
			package = ADA425E32709E44C001D301A /* XCRemoteSwiftPackageReference "Moya" */;
			productName = Moya;
		};
		ADA425E92709E461001D301A /* Kingfisher */ = {
			isa = XCSwiftPackageProductDependency;
			package = ADA425E82709E461001D301A /* XCRemoteSwiftPackageReference "Kingfisher" */;
			productName = Kingfisher;
		};
/* End XCSwiftPackageProductDependency section */
	};
	rootObject = ADA425C12709E1BE001D301A /* Project object */;
}
